
Microsoft Visual Studio Solution File, Format Version 12.00
# Visual Studio Version 17
VisualStudioVersion = 17.14.36401.2
MinimumVisualStudioVersion = 10.0.40219.1
Project("{FAE04EC0-301F-11D3-BF4B-00C04F79EFBC}") = "AsyncAwaitDemoApp", "AsyncAwaitDemoApp\AsyncAwaitDemoApp.csproj", "{4F9D8F70-7C08-4581-A10C-BF930D8D481B}"
EndProject
Project("{2150E333-8FDC-42A3-9474-1A3956D46DE8}") = "Example2", "Example2", "{02EA681E-C7D8-13C7-8484-4AC65E1B71E8}"
EndProject
Project("{FAE04EC0-301F-11D3-BF4B-00C04F79EFBC}") = "asyncEg2", "asyncEg2\asyncEg2.csproj", "{0F164B28-1DDB-4FC1-8634-2A5444986CC7}"
EndProject
Global
	GlobalSection(SolutionConfigurationPlatforms) = preSolution
		Debug|Any CPU = Debug|Any CPU
		Release|Any CPU = Release|Any CPU
	EndGlobalSection
	GlobalSection(ProjectConfigurationPlatforms) = postSolution
		{4F9D8F70-7C08-4581-A10C-BF930D8D481B}.Debug|Any CPU.ActiveCfg = Debug|Any CPU
		{4F9D8F70-7C08-4581-A10C-BF930D8D481B}.Debug|Any CPU.Build.0 = Debug|Any CPU
		{4F9D8F70-7C08-4581-A10C-BF930D8D481B}.Release|Any CPU.ActiveCfg = Release|Any CPU
		{4F9D8F70-7C08-4581-A10C-BF930D8D481B}.Release|Any CPU.Build.0 = Release|Any CPU
		{0F164B28-1DDB-4FC1-8634-2A5444986CC7}.Debug|Any CPU.ActiveCfg = Debug|Any CPU
		{0F164B28-1DDB-4FC1-8634-2A5444986CC7}.Debug|Any CPU.Build.0 = Debug|Any CPU
		{0F164B28-1DDB-4FC1-8634-2A5444986CC7}.Release|Any CPU.ActiveCfg = Release|Any CPU
		{0F164B28-1DDB-4FC1-8634-2A5444986CC7}.Release|Any CPU.Build.0 = Release|Any CPU
	EndGlobalSection
	GlobalSection(SolutionProperties) = preSolution
		HideSolutionNode = FALSE
	EndGlobalSection
	GlobalSection(NestedProjects) = preSolution
		{0F164B28-1DDB-4FC1-8634-2A5444986CC7} = {02EA681E-C7D8-13C7-8484-4AC65E1B71E8}
	EndGlobalSection
	GlobalSection(ExtensibilityGlobals) = postSolution
		SolutionGuid = {225964BA-04B6-44A8-8534-81C2142AF3BC}
	EndGlobalSection
EndGlobal
