Microsoft Visual Studio Solution File, Format Version 12.00
# Visual Studio Version 17
VisualStudioVersion = 17.5.2.0
MinimumVisualStudioVersion = 10.0.40219.1
Project("{FAE04EC0-301F-11D3-BF4B-00C04F79EFBC}") = "DemoProgram", "DemoProgram.csproj", "{B59B2852-B3DF-2E5D-4D30-AD1564EADADE}"
EndProject
Global
	GlobalSection(SolutionConfigurationPlatforms) = preSolution
		Debug|Any CPU = Debug|Any CPU
		Release|Any CPU = Release|Any CPU
	EndGlobalSection
	GlobalSection(ProjectConfigurationPlatforms) = postSolution
		{B59B2852-B3DF-2E5D-4D30-AD1564EADADE}.Debug|Any CPU.ActiveCfg = Debug|Any CPU
		{B59B2852-B3DF-2E5D-4D30-AD1564EADADE}.Debug|Any CPU.Build.0 = Debug|Any CPU
		{B59B2852-B3DF-2E5D-4D30-AD1564EADADE}.Release|Any CPU.ActiveCfg = Release|Any CPU
		{B59B2852-B3DF-2E5D-4D30-AD1564EADADE}.Release|Any CPU.Build.0 = Release|Any CPU
	EndGlobalSection
	GlobalSection(SolutionProperties) = preSolution
		HideSolutionNode = FALSE
	EndGlobalSection
	GlobalSection(ExtensibilityGlobals) = postSolution
		SolutionGuid = {AB20BA81-5FF0-4CEB-BF2A-F97281E986CF}
	EndGlobalSection
EndGlobal
