Microsoft Visual Studio Solution File, Format Version 12.00
# Visual Studio Version 17
VisualStudioVersion = 17.5.2.0
MinimumVisualStudioVersion = 10.0.40219.1
Project("{FAE04EC0-301F-11D3-BF4B-00C04F79EFBC}") = "TFLEcommerce", "TFLEcommerce.csproj", "{B9CB1E80-4C2B-3C3B-072A-994B406BC75C}"
EndProject
Global
	GlobalSection(SolutionConfigurationPlatforms) = preSolution
		Debug|Any CPU = Debug|Any CPU
		Release|Any CPU = Release|Any CPU
	EndGlobalSection
	GlobalSection(ProjectConfigurationPlatforms) = postSolution
		{B9CB1E80-4C2B-3C3B-072A-994B406BC75C}.Debug|Any CPU.ActiveCfg = Debug|Any CPU
		{B9CB1E80-4C2B-3C3B-072A-994B406BC75C}.Debug|Any CPU.Build.0 = Debug|Any CPU
		{B9CB1E80-4C2B-3C3B-072A-994B406BC75C}.Release|Any CPU.ActiveCfg = Release|Any CPU
		{B9CB1E80-4C2B-3C3B-072A-994B406BC75C}.Release|Any CPU.Build.0 = Release|Any CPU
	EndGlobalSection
	GlobalSection(SolutionProperties) = preSolution
		HideSolutionNode = FALSE
	EndGlobalSection
	GlobalSection(ExtensibilityGlobals) = postSolution
		SolutionGuid = {4068AEF0-5FCA-456D-B006-A573F1A3332F}
	EndGlobalSection
EndGlobal
